
Microsoft Visual Studio Solution File, Format Version 12.00
# Visual Studio 15
VisualStudioVersion = 15.0.26124.0
MinimumVisualStudioVersion = 15.0.26124.0
Project("{2150E333-8FDC-42A3-9474-1A3956D46DE8}") = "src", "src", "{FE2393E8-EC94-402B-AC5D-249FAC26FFF8}"
EndProject
Project("{FAE04EC0-301F-11D3-BF4B-00C04F79EFBC}") = "KdbSharp.Core", "src\KdbSharp.Core\KdbSharp.Core.csproj", "{3376953C-27B4-4D15-B598-DA1F83777483}"
EndProject
Project("{2150E333-8FDC-42A3-9474-1A3956D46DE8}") = "test", "test", "{0B92455D-A21F-4F93-8465-04C3E4BE996F}"
EndProject
Project("{FAE04EC0-301F-11D3-BF4B-00C04F79EFBC}") = "KdbSharp.Core.Tests", "test\KdbSharp.Core.Tests\KdbSharp.Core.Tests.csproj", "{B250C6D7-DE50-42CD-B98C-8441B52851F9}"
EndProject
Global
	GlobalSection(SolutionConfigurationPlatforms) = preSolution
		Debug|Any CPU = Debug|Any CPU
		Debug|x64 = Debug|x64
		Debug|x86 = Debug|x86
		Release|Any CPU = Release|Any CPU
		Release|x64 = Release|x64
		Release|x86 = Release|x86
	EndGlobalSection
	GlobalSection(SolutionProperties) = preSolution
		HideSolutionNode = FALSE
	EndGlobalSection
	GlobalSection(ProjectConfigurationPlatforms) = postSolution
		{3376953C-27B4-4D15-B598-DA1F83777483}.Debug|Any CPU.ActiveCfg = Debug|Any CPU
		{3376953C-27B4-4D15-B598-DA1F83777483}.Debug|Any CPU.Build.0 = Debug|Any CPU
		{3376953C-27B4-4D15-B598-DA1F83777483}.Debug|x64.ActiveCfg = Debug|Any CPU
		{3376953C-27B4-4D15-B598-DA1F83777483}.Debug|x64.Build.0 = Debug|Any CPU
		{3376953C-27B4-4D15-B598-DA1F83777483}.Debug|x86.ActiveCfg = Debug|Any CPU
		{3376953C-27B4-4D15-B598-DA1F83777483}.Debug|x86.Build.0 = Debug|Any CPU
		{3376953C-27B4-4D15-B598-DA1F83777483}.Release|Any CPU.ActiveCfg = Release|Any CPU
		{3376953C-27B4-4D15-B598-DA1F83777483}.Release|Any CPU.Build.0 = Release|Any CPU
		{3376953C-27B4-4D15-B598-DA1F83777483}.Release|x64.ActiveCfg = Release|Any CPU
		{3376953C-27B4-4D15-B598-DA1F83777483}.Release|x64.Build.0 = Release|Any CPU
		{3376953C-27B4-4D15-B598-DA1F83777483}.Release|x86.ActiveCfg = Release|Any CPU
		{3376953C-27B4-4D15-B598-DA1F83777483}.Release|x86.Build.0 = Release|Any CPU
		{B250C6D7-DE50-42CD-B98C-8441B52851F9}.Debug|Any CPU.ActiveCfg = Debug|Any CPU
		{B250C6D7-DE50-42CD-B98C-8441B52851F9}.Debug|Any CPU.Build.0 = Debug|Any CPU
		{B250C6D7-DE50-42CD-B98C-8441B52851F9}.Debug|x64.ActiveCfg = Debug|Any CPU
		{B250C6D7-DE50-42CD-B98C-8441B52851F9}.Debug|x64.Build.0 = Debug|Any CPU
		{B250C6D7-DE50-42CD-B98C-8441B52851F9}.Debug|x86.ActiveCfg = Debug|Any CPU
		{B250C6D7-DE50-42CD-B98C-8441B52851F9}.Debug|x86.Build.0 = Debug|Any CPU
		{B250C6D7-DE50-42CD-B98C-8441B52851F9}.Release|Any CPU.ActiveCfg = Release|Any CPU
		{B250C6D7-DE50-42CD-B98C-8441B52851F9}.Release|Any CPU.Build.0 = Release|Any CPU
		{B250C6D7-DE50-42CD-B98C-8441B52851F9}.Release|x64.ActiveCfg = Release|Any CPU
		{B250C6D7-DE50-42CD-B98C-8441B52851F9}.Release|x64.Build.0 = Release|Any CPU
		{B250C6D7-DE50-42CD-B98C-8441B52851F9}.Release|x86.ActiveCfg = Release|Any CPU
		{B250C6D7-DE50-42CD-B98C-8441B52851F9}.Release|x86.Build.0 = Release|Any CPU
	EndGlobalSection
	GlobalSection(NestedProjects) = preSolution
		{3376953C-27B4-4D15-B598-DA1F83777483} = {FE2393E8-EC94-402B-AC5D-249FAC26FFF8}
		{B250C6D7-DE50-42CD-B98C-8441B52851F9} = {0B92455D-A21F-4F93-8465-04C3E4BE996F}
	EndGlobalSection
EndGlobal
